// !$*UTF8*$!
{
	archiveVersion = 1;
	classes = {
	};
	objectVersion = 46;
	objects = {

/* Begin PBXBuildFile section */
		C8AC4A941D188F6D005828E4 /* AppDelegate.swift in Sources */ = {isa = PBXBuildFile; fileRef = C8AC4A931D188F6D005828E4 /* AppDelegate.swift */; };
		C8AC4A961D188F6D005828E4 /* ViewController.swift in Sources */ = {isa = PBXBuildFile; fileRef = C8AC4A951D188F6D005828E4 /* ViewController.swift */; };
		C8AC4A991D188F6D005828E4 /* Main.storyboard in Resources */ = {isa = PBXBuildFile; fileRef = C8AC4A971D188F6D005828E4 /* Main.storyboard */; };
		C8AC4A9B1D188F6D005828E4 /* Assets.xcassets in Resources */ = {isa = PBXBuildFile; fileRef = C8AC4A9A1D188F6D005828E4 /* Assets.xcassets */; };
		C8AC4A9E1D188F6D005828E4 /* LaunchScreen.storyboard in Resources */ = {isa = PBXBuildFile; fileRef = C8AC4A9C1D188F6D005828E4 /* LaunchScreen.storyboard */; };
		C8AC4AA91D188F6D005828E4 /* instagramTests.swift in Sources */ = {isa = PBXBuildFile; fileRef = C8AC4AA81D188F6D005828E4 /* instagramTests.swift */; };
		C8AC4AB41D188F6D005828E4 /* instagramUITests.swift in Sources */ = {isa = PBXBuildFile; fileRef = C8AC4AB31D188F6D005828E4 /* instagramUITests.swift */; };
/* End PBXBuildFile section */

/* Begin PBXContainerItemProxy section */
		C8AC4AA51D188F6D005828E4 /* PBXContainerItemProxy */ = {
			isa = PBXContainerItemProxy;
			containerPortal = C8AC4A881D188F6D005828E4 /* Project object */;
			proxyType = 1;
			remoteGlobalIDString = C8AC4A8F1D188F6D005828E4;
			remoteInfo = instagram;
		};
		C8AC4AB01D188F6D005828E4 /* PBXContainerItemProxy */ = {
			isa = PBXContainerItemProxy;
			containerPortal = C8AC4A881D188F6D005828E4 /* Project object */;
			proxyType = 1;
			remoteGlobalIDString = C8AC4A8F1D188F6D005828E4;
			remoteInfo = instagram;
		};
/* End PBXContainerItemProxy section */

/* Begin PBXFileReference section */
		C8AC4A901D188F6D005828E4 /* instagram.app */ = {isa = PBXFileReference; explicitFileType = wrapper.application; includeInIndex = 0; path = instagram.app; sourceTree = BUILT_PRODUCTS_DIR; };
		C8AC4A931D188F6D005828E4 /* AppDelegate.swift */ = {isa = PBXFileReference; lastKnownFileType = sourcecode.swift; path = AppDelegate.swift; sourceTree = "<group>"; };
		C8AC4A951D188F6D005828E4 /* ViewController.swift */ = {isa = PBXFileReference; lastKnownFileType = sourcecode.swift; path = ViewController.swift; sourceTree = "<group>"; };
		C8AC4A981D188F6D005828E4 /* Base */ = {isa = PBXFileReference; lastKnownFileType = file.storyboard; name = Base; path = Base.lproj/Main.storyboard; sourceTree = "<group>"; };
		C8AC4A9A1D188F6D005828E4 /* Assets.xcassets */ = {isa = PBXFileReference; lastKnownFileType = folder.assetcatalog; path = Assets.xcassets; sourceTree = "<group>"; };
		C8AC4A9D1D188F6D005828E4 /* Base */ = {isa = PBXFileReference; lastKnownFileType = file.storyboard; name = Base; path = Base.lproj/LaunchScreen.storyboard; sourceTree = "<group>"; };
		C8AC4A9F1D188F6D005828E4 /* Info.plist */ = {isa = PBXFileReference; lastKnownFileType = text.plist.xml; path = Info.plist; sourceTree = "<group>"; };
		C8AC4AA41D188F6D005828E4 /* instagramTests.xctest */ = {isa = PBXFileReference; explicitFileType = wrapper.cfbundle; includeInIndex = 0; path = instagramTests.xctest; sourceTree = BUILT_PRODUCTS_DIR; };
		C8AC4AA81D188F6D005828E4 /* instagramTests.swift */ = {isa = PBXFileReference; lastKnownFileType = sourcecode.swift; path = instagramTests.swift; sourceTree = "<group>"; };
		C8AC4AAA1D188F6D005828E4 /* Info.plist */ = {isa = PBXFileReference; lastKnownFileType = text.plist.xml; path = Info.plist; sourceTree = "<group>"; };
		C8AC4AAF1D188F6D005828E4 /* instagramUITests.xctest */ = {isa = PBXFileReference; explicitFileType = wrapper.cfbundle; includeInIndex = 0; path = instagramUITests.xctest; sourceTree = BUILT_PRODUCTS_DIR; };
		C8AC4AB31D188F6D005828E4 /* instagramUITests.swift */ = {isa = PBXFileReference; lastKnownFileType = sourcecode.swift; path = instagramUITests.swift; sourceTree = "<group>"; };
		C8AC4AB51D188F6D005828E4 /* Info.plist */ = {isa = PBXFileReference; lastKnownFileType = text.plist.xml; path = Info.plist; sourceTree = "<group>"; };
/* End PBXFileReference section */

/* Begin PBXFrameworksBuildPhase section */
		C8AC4A8D1D188F6D005828E4 /* Frameworks */ = {
			isa = PBXFrameworksBuildPhase;
			buildActionMask = 2147483647;
			files = (
			);
			runOnlyForDeploymentPostprocessing = 0;
		};
		C8AC4AA11D188F6D005828E4 /* Frameworks */ = {
			isa = PBXFrameworksBuildPhase;
			buildActionMask = 2147483647;
			files = (
			);
			runOnlyForDeploymentPostprocessing = 0;
		};
		C8AC4AAC1D188F6D005828E4 /* Frameworks */ = {
			isa = PBXFrameworksBuildPhase;
			buildActionMask = 2147483647;
			files = (
			);
			runOnlyForDeploymentPostprocessing = 0;
		};
/* End PBXFrameworksBuildPhase section */

/* Begin PBXGroup section */
		C8AC4A871D188F6D005828E4 = {
			isa = PBXGroup;
			children = (
				C8AC4A921D188F6D005828E4 /* instagram */,
				C8AC4AA71D188F6D005828E4 /* instagramTests */,
				C8AC4AB21D188F6D005828E4 /* instagramUITests */,
				C8AC4A911D188F6D005828E4 /* Products */,
			);
			sourceTree = "<group>";
		};
		C8AC4A911D188F6D005828E4 /* Products */ = {
			isa = PBXGroup;
			children = (
				C8AC4A901D188F6D005828E4 /* instagram.app */,
				C8AC4AA41D188F6D005828E4 /* instagramTests.xctest */,
				C8AC4AAF1D188F6D005828E4 /* instagramUITests.xctest */,
			);
			name = Products;
			sourceTree = "<group>";
		};
		C8AC4A921D188F6D005828E4 /* instagram */ = {
			isa = PBXGroup;
			children = (
				C8AC4A931D188F6D005828E4 /* AppDelegate.swift */,
				C8AC4A951D188F6D005828E4 /* ViewController.swift */,
				C8AC4A971D188F6D005828E4 /* Main.storyboard */,
				C8AC4A9A1D188F6D005828E4 /* Assets.xcassets */,
				C8AC4A9C1D188F6D005828E4 /* LaunchScreen.storyboard */,
				C8AC4A9F1D188F6D005828E4 /* Info.plist */,
			);
			path = instagram;
			sourceTree = "<group>";
		};
		C8AC4AA71D188F6D005828E4 /* instagramTests */ = {
			isa = PBXGroup;
			children = (
				C8AC4AA81D188F6D005828E4 /* instagramTests.swift */,
				C8AC4AAA1D188F6D005828E4 /* Info.plist */,
			);
			path = instagramTests;
			sourceTree = "<group>";
		};
		C8AC4AB21D188F6D005828E4 /* instagramUITests */ = {
			isa = PBXGroup;
			children = (
				C8AC4AB31D188F6D005828E4 /* instagramUITests.swift */,
				C8AC4AB51D188F6D005828E4 /* Info.plist */,
			);
			path = instagramUITests;
			sourceTree = "<group>";
		};
/* End PBXGroup section */

/* Begin PBXNativeTarget section */
		C8AC4A8F1D188F6D005828E4 /* instagram */ = {
			isa = PBXNativeTarget;
			buildConfigurationList = C8AC4AB81D188F6D005828E4 /* Build configuration list for PBXNativeTarget "instagram" */;
			buildPhases = (
				C8AC4A8C1D188F6D005828E4 /* Sources */,
				C8AC4A8D1D188F6D005828E4 /* Frameworks */,
				C8AC4A8E1D188F6D005828E4 /* Resources */,
			);
			buildRules = (
			);
			dependencies = (
			);
			name = instagram;
			productName = instagram;
			productReference = C8AC4A901D188F6D005828E4 /* instagram.app */;
			productType = "com.apple.product-type.application";
		};
		C8AC4AA31D188F6D005828E4 /* instagramTests */ = {
			isa = PBXNativeTarget;
			buildConfigurationList = C8AC4ABB1D188F6D005828E4 /* Build configuration list for PBXNativeTarget "instagramTests" */;
			buildPhases = (
				C8AC4AA01D188F6D005828E4 /* Sources */,
				C8AC4AA11D188F6D005828E4 /* Frameworks */,
				C8AC4AA21D188F6D005828E4 /* Resources */,
			);
			buildRules = (
			);
			dependencies = (
				C8AC4AA61D188F6D005828E4 /* PBXTargetDependency */,
			);
			name = instagramTests;
			productName = instagramTests;
			productReference = C8AC4AA41D188F6D005828E4 /* instagramTests.xctest */;
			productType = "com.apple.product-type.bundle.unit-test";
		};
		C8AC4AAE1D188F6D005828E4 /* instagramUITests */ = {
			isa = PBXNativeTarget;
			buildConfigurationList = C8AC4ABE1D188F6D005828E4 /* Build configuration list for PBXNativeTarget "instagramUITests" */;
			buildPhases = (
				C8AC4AAB1D188F6D005828E4 /* Sources */,
				C8AC4AAC1D188F6D005828E4 /* Frameworks */,
				C8AC4AAD1D188F6D005828E4 /* Resources */,
			);
			buildRules = (
			);
			dependencies = (
				C8AC4AB11D188F6D005828E4 /* PBXTargetDependency */,
			);
			name = instagramUITests;
			productName = instagramUITests;
			productReference = C8AC4AAF1D188F6D005828E4 /* instagramUITests.xctest */;
			productType = "com.apple.product-type.bundle.ui-testing";
		};
/* End PBXNativeTarget section */

/* Begin PBXProject section */
		C8AC4A881D188F6D005828E4 /* Project object */ = {
			isa = PBXProject;
			attributes = {
				LastSwiftUpdateCheck = 0730;
				LastUpgradeCheck = 0730;
				ORGANIZATIONNAME = "Dimple Jethani";
				TargetAttributes = {
					C8AC4A8F1D188F6D005828E4 = {
						CreatedOnToolsVersion = 7.3.1;
					};
					C8AC4AA31D188F6D005828E4 = {
						CreatedOnToolsVersion = 7.3.1;
						TestTargetID = C8AC4A8F1D188F6D005828E4;
					};
					C8AC4AAE1D188F6D005828E4 = {
						CreatedOnToolsVersion = 7.3.1;
						TestTargetID = C8AC4A8F1D188F6D005828E4;
					};
				};
			};
			buildConfigurationList = C8AC4A8B1D188F6D005828E4 /* Build configuration list for PBXProject "instagram" */;
			compatibilityVersion = "Xcode 3.2";
			developmentRegion = English;
			hasScannedForEncodings = 0;
			knownRegions = (
				en,
				Base,
			);
			mainGroup = C8AC4A871D188F6D005828E4;
			productRefGroup = C8AC4A911D188F6D005828E4 /* Products */;
			projectDirPath = "";
			projectRoot = "";
			targets = (
				C8AC4A8F1D188F6D005828E4 /* instagram */,
				C8AC4AA31D188F6D005828E4 /* instagramTests */,
				C8AC4AAE1D188F6D005828E4 /* instagramUITests */,
			);
		};
/* End PBXProject section */

/* Begin PBXResourcesBuildPhase section */
		C8AC4A8E1D188F6D005828E4 /* Resources */ = {
			isa = PBXResourcesBuildPhase;
			buildActionMask = 2147483647;
			files = (
				C8AC4A9E1D188F6D005828E4 /* LaunchScreen.storyboard in Resources */,
				C8AC4A9B1D188F6D005828E4 /* Assets.xcassets in Resources */,
				C8AC4A991D188F6D005828E4 /* Main.storyboard in Resources */,
			);
			runOnlyForDeploymentPostprocessing = 0;
		};
		C8AC4AA21D188F6D005828E4 /* Resources */ = {
			isa = PBXResourcesBuildPhase;
			buildActionMask = 2147483647;
			files = (
			);
			runOnlyForDeploymentPostprocessing = 0;
		};
		C8AC4AAD1D188F6D005828E4 /* Resources */ = {
			isa = PBXResourcesBuildPhase;
			buildActionMask = 2147483647;
			files = (
			);
			runOnlyForDeploymentPostprocessing = 0;
		};
/* End PBXResourcesBuildPhase section */

/* Begin PBXSourcesBuildPhase section */
		C8AC4A8C1D188F6D005828E4 /* Sources */ = {
			isa = PBXSourcesBuildPhase;
			buildActionMask = 2147483647;
			files = (
				C8AC4A961D188F6D005828E4 /* ViewController.swift in Sources */,
				C8AC4A941D188F6D005828E4 /* AppDelegate.swift in Sources */,
			);
			runOnlyForDeploymentPostprocessing = 0;
		};
		C8AC4AA01D188F6D005828E4 /* Sources */ = {
			isa = PBXSourcesBuildPhase;
			buildActionMask = 2147483647;
			files = (
				C8AC4AA91D188F6D005828E4 /* instagramTests.swift in Sources */,
			);
			runOnlyForDeploymentPostprocessing = 0;
		};
		C8AC4AAB1D188F6D005828E4 /* Sources */ = {
			isa = PBXSourcesBuildPhase;
			buildActionMask = 2147483647;
			files = (
				C8AC4AB41D188F6D005828E4 /* instagramUITests.swift in Sources */,
			);
			runOnlyForDeploymentPostprocessing = 0;
		};
/* End PBXSourcesBuildPhase section */

/* Begin PBXTargetDependency section */
		C8AC4AA61D188F6D005828E4 /* PBXTargetDependency */ = {
			isa = PBXTargetDependency;
			target = C8AC4A8F1D188F6D005828E4 /* instagram */;
			targetProxy = C8AC4AA51D188F6D005828E4 /* PBXContainerItemProxy */;
		};
		C8AC4AB11D188F6D005828E4 /* PBXTargetDependency */ = {
			isa = PBXTargetDependency;
			target = C8AC4A8F1D188F6D005828E4 /* instagram */;
			targetProxy = C8AC4AB01D188F6D005828E4 /* PBXContainerItemProxy */;
		};
/* End PBXTargetDependency section */

/* Begin PBXVariantGroup section */
		C8AC4A971D188F6D005828E4 /* Main.storyboard */ = {
			isa = PBXVariantGroup;
			children = (
				C8AC4A981D188F6D005828E4 /* Base */,
			);
			name = Main.storyboard;
			sourceTree = "<group>";
		};
		C8AC4A9C1D188F6D005828E4 /* LaunchScreen.storyboard */ = {
			isa = PBXVariantGroup;
			children = (
				C8AC4A9D1D188F6D005828E4 /* Base */,
			);
			name = LaunchScreen.storyboard;
			sourceTree = "<group>";
		};
/* End PBXVariantGroup section */

/* Begin XCBuildConfiguration section */
		C8AC4AB61D188F6D005828E4 /* Debug */ = {
			isa = XCBuildConfiguration;
			buildSettings = {
				ALWAYS_SEARCH_USER_PATHS = NO;
				CLANG_ANALYZER_NONNULL = YES;
				CLANG_CXX_LANGUAGE_STANDARD = "gnu++0x";
				CLANG_CXX_LIBRARY = "libc++";
				CLANG_ENABLE_MODULES = YES;
				CLANG_ENABLE_OBJC_ARC = YES;
				CLANG_WARN_BOOL_CONVERSION = YES;
				CLANG_WARN_CONSTANT_CONVERSION = YES;
				CLANG_WARN_DIRECT_OBJC_ISA_USAGE = YES_ERROR;
				CLANG_WARN_EMPTY_BODY = YES;
				CLANG_WARN_ENUM_CONVERSION = YES;
				CLANG_WARN_INT_CONVERSION = YES;
				CLANG_WARN_OBJC_ROOT_CLASS = YES_ERROR;
				CLANG_WARN_UNREACHABLE_CODE = YES;
				CLANG_WARN__DUPLICATE_METHOD_MATCH = YES;
				"CODE_SIGN_IDENTITY[sdk=iphoneos*]" = "iPhone Developer";
				COPY_PHASE_STRIP = NO;
				DEBUG_INFORMATION_FORMAT = dwarf;
				ENABLE_STRICT_OBJC_MSGSEND = YES;
				ENABLE_TESTABILITY = YES;
				GCC_C_LANGUAGE_STANDARD = gnu99;
				GCC_DYNAMIC_NO_PIC = NO;
				GCC_NO_COMMON_BLOCKS = YES;
				GCC_OPTIMIZATION_LEVEL = 0;
				GCC_PREPROCESSOR_DEFINITIONS = (
					"DEBUG=1",
					"$(inherited)",
				);
				GCC_WARN_64_TO_32_BIT_CONVERSION = YES;
				GCC_WARN_ABOUT_RETURN_TYPE = YES_ERROR;
				GCC_WARN_UNDECLARED_SELECTOR = YES;
				GCC_WARN_UNINITIALIZED_AUTOS = YES_AGGRESSIVE;
				GCC_WARN_UNUSED_FUNCTION = YES;
				GCC_WARN_UNUSED_VARIABLE = YES;
				IPHONEOS_DEPLOYMENT_TARGET = 9.3;
				MTL_ENABLE_DEBUG_INFO = YES;
				ONLY_ACTIVE_ARCH = YES;
				SDKROOT = iphoneos;
				SWIFT_OPTIMIZATION_LEVEL = "-Onone";
			};
			name = Debug;
		};
		C8AC4AB71D188F6D005828E4 /* Release */ = {
			isa = XCBuildConfiguration;
			buildSettings = {
				ALWAYS_SEARCH_USER_PATHS = NO;
				CLANG_ANALYZER_NONNULL = YES;
				CLANG_CXX_LANGUAGE_STANDARD = "gnu++0x";
				CLANG_CXX_LIBRARY = "libc++";
				CLANG_ENABLE_MODULES = YES;
				CLANG_ENABLE_OBJC_ARC = YES;
				CLANG_WARN_BOOL_CONVERSION = YES;
				CLANG_WARN_CONSTANT_CONVERSION = YES;
				CLANG_WARN_DIRECT_OBJC_ISA_USAGE = YES_ERROR;
				CLANG_WARN_EMPTY_BODY = YES;
				CLANG_WARN_ENUM_CONVERSION = YES;
				CLANG_WARN_INT_CONVERSION = YES;
				CLANG_WARN_OBJC_ROOT_CLASS = YES_ERROR;
				CLANG_WARN_UNREACHABLE_CODE = YES;
				CLANG_WARN__DUPLICATE_METHOD_MATCH = YES;
				"CODE_SIGN_IDENTITY[sdk=iphoneos*]" = "iPhone Developer";
				COPY_PHASE_STRIP = NO;
				DEBUG_INFORMATION_FORMAT = "dwarf-with-dsym";
				ENABLE_NS_ASSERTIONS = NO;
				ENABLE_STRICT_OBJC_MSGSEND = YES;
				GCC_C_LANGUAGE_STANDARD = gnu99;
				GCC_NO_COMMON_BLOCKS = YES;
				GCC_WARN_64_TO_32_BIT_CONVERSION = YES;
				GCC_WARN_ABOUT_RETURN_TYPE = YES_ERROR;
				GCC_WARN_UNDECLARED_SELECTOR = YES;
				GCC_WARN_UNINITIALIZED_AUTOS = YES_AGGRESSIVE;
				GCC_WARN_UNUSED_FUNCTION = YES;
				GCC_WARN_UNUSED_VARIABLE = YES;
				IPHONEOS_DEPLOYMENT_TARGET = 9.3;
				MTL_ENABLE_DEBUG_INFO = NO;
				SDKROOT = iphoneos;
				VALIDATE_PRODUCT = YES;
			};
			name = Release;
		};
		C8AC4AB91D188F6D005828E4 /* Debug */ = {
			isa = XCBuildConfiguration;
			buildSettings = {
				ASSETCATALOG_COMPILER_APPICON_NAME = AppIcon;
				INFOPLIST_FILE = instagram/Info.plist;
				LD_RUNPATH_SEARCH_PATHS = "$(inherited) @executable_path/Frameworks";
				PRODUCT_BUNDLE_IDENTIFIER = codepath.instagram;
				PRODUCT_NAME = "$(TARGET_NAME)";
			};
			name = Debug;
		};
		C8AC4ABA1D188F6D005828E4 /* Release */ = {
			isa = XCBuildConfiguration;
			buildSettings = {
				ASSETCATALOG_COMPILER_APPICON_NAME = AppIcon;
				INFOPLIST_FILE = instagram/Info.plist;
				LD_RUNPATH_SEARCH_PATHS = "$(inherited) @executable_path/Frameworks";
				PRODUCT_BUNDLE_IDENTIFIER = codepath.instagram;
				PRODUCT_NAME = "$(TARGET_NAME)";
			};
			name = Release;
		};
		C8AC4ABC1D188F6D005828E4 /* Debug */ = {
			isa = XCBuildConfiguration;
			buildSettings = {
				BUNDLE_LOADER = "$(TEST_HOST)";
				INFOPLIST_FILE = instagramTests/Info.plist;
				LD_RUNPATH_SEARCH_PATHS = "$(inherited) @executable_path/Frameworks @loader_path/Frameworks";
				PRODUCT_BUNDLE_IDENTIFIER = codepath.instagramTests;
				PRODUCT_NAME = "$(TARGET_NAME)";
				TEST_HOST = "$(BUILT_PRODUCTS_DIR)/instagram.app/instagram";
			};
			name = Debug;
		};
		C8AC4ABD1D188F6D005828E4 /* Release */ = {
			isa = XCBuildConfiguration;
			buildSettings = {
				BUNDLE_LOADER = "$(TEST_HOST)";
				INFOPLIST_FILE = instagramTests/Info.plist;
				LD_RUNPATH_SEARCH_PATHS = "$(inherited) @executable_path/Frameworks @loader_path/Frameworks";
				PRODUCT_BUNDLE_IDENTIFIER = codepath.instagramTests;
				PRODUCT_NAME = "$(TARGET_NAME)";
				TEST_HOST = "$(BUILT_PRODUCTS_DIR)/instagram.app/instagram";
			};
			name = Release;
		};
		C8AC4ABF1D188F6D005828E4 /* Debug */ = {
			isa = XCBuildConfiguration;
			buildSettings = {
				INFOPLIST_FILE = instagramUITests/Info.plist;
				LD_RUNPATH_SEARCH_PATHS = "$(inherited) @executable_path/Frameworks @loader_path/Frameworks";
				PRODUCT_BUNDLE_IDENTIFIER = codepath.instagramUITests;
				PRODUCT_NAME = "$(TARGET_NAME)";
				TEST_TARGET_NAME = instagram;
			};
			name = Debug;
		};
		C8AC4AC01D188F6D005828E4 /* Release */ = {
			isa = XCBuildConfiguration;
			buildSettings = {
				INFOPLIST_FILE = instagramUITests/Info.plist;
				LD_RUNPATH_SEARCH_PATHS = "$(inherited) @executable_path/Frameworks @loader_path/Frameworks";
				PRODUCT_BUNDLE_IDENTIFIER = codepath.instagramUITests;
				PRODUCT_NAME = "$(TARGET_NAME)";
				TEST_TARGET_NAME = instagram;
			};
			name = Release;
		};
/* End XCBuildConfiguration section */

/* Begin XCConfigurationList section */
		C8AC4A8B1D188F6D005828E4 /* Build configuration list for PBXProject "instagram" */ = {
			isa = XCConfigurationList;
			buildConfigurations = (
				C8AC4AB61D188F6D005828E4 /* Debug */,
				C8AC4AB71D188F6D005828E4 /* Release */,
			);
			defaultConfigurationIsVisible = 0;
			defaultConfigurationName = Release;
		};
		C8AC4AB81D188F6D005828E4 /* Build configuration list for PBXNativeTarget "instagram" */ = {
			isa = XCConfigurationList;
			buildConfigurations = (
				C8AC4AB91D188F6D005828E4 /* Debug */,
				C8AC4ABA1D188F6D005828E4 /* Release */,
			);
			defaultConfigurationIsVisible = 0;
		};
		C8AC4ABB1D188F6D005828E4 /* Build configuration list for PBXNativeTarget "instagramTests" */ = {
			isa = XCConfigurationList;
			buildConfigurations = (
				C8AC4ABC1D188F6D005828E4 /* Debug */,
				C8AC4ABD1D188F6D005828E4 /* Release */,
			);
			defaultConfigurationIsVisible = 0;
		};
		C8AC4ABE1D188F6D005828E4 /* Build configuration list for PBXNativeTarget "instagramUITests" */ = {
			isa = XCConfigurationList;
			buildConfigurations = (
				C8AC4ABF1D188F6D005828E4 /* Debug */,
				C8AC4AC01D188F6D005828E4 /* Release */,
			);
			defaultConfigurationIsVisible = 0;
		};
/* End XCConfigurationList section */
	};
	rootObject = C8AC4A881D188F6D005828E4 /* Project object */;
}
